{
  "originHash" : "f9dcca9f7b051bd33e2b199a47d9ed4c959833e386cef44fdb1257192f63f445",
  "pins" : [
    {
      "identity" : "ios-corebluetooth-mock",
      "kind" : "remoteSourceControl",
      "location" : "https://github.com/NordicSemiconductor/IOS-CoreBluetooth-Mock/",
      "state" : {
        "revision" : "500b23852e7d46b63ef8e2a826c2b6f3f6ed50ef",
        "version" : "0.18.0"
      }
    },
    {
      "identity" : "oklab",
      "kind" : "remoteSourceControl",
      "location" : "https://github.com/importRyan/Oklab",
      "state" : {
        "revision" : "92b73e1ab5c0049c68326315f03320d77fe2df1a",
        "version" : "1.1.2"
      }
    },
    {
      "identity" : "swift-collections",
      "kind" : "remoteSourceControl",
      "location" : "https://github.com/apple/swift-collections",
      "state" : {
        "revision" : "94cf62b3ba8d4bed62680a282d4c25f9c63c2efb",
        "version" : "1.1.0"
      }
    }
  ],
  "version" : 3
}
